
Microsoft Visual Studio Solution File, Format Version 12.00
# Visual Studio Version 16
VisualStudioVersion = 16.0.31624.102
MinimumVisualStudioVersion = 10.0.40219.1
Project("{FAE04EC0-301F-11D3-BF4B-00C04F79EFBC}") = "RazorOne", "RazorOne\RazorOne.csproj", "{1A548AC3-DFD5-419F-8D0F-951395A44EC5}"
EndProject
Global
	GlobalSection(SolutionConfigurationPlatforms) = preSolution
		Debug|Any CPU = Debug|Any CPU
		Release|Any CPU = Release|Any CPU
	EndGlobalSection
	GlobalSection(ProjectConfigurationPlatforms) = postSolution
		{1A548AC3-DFD5-419F-8D0F-951395A44EC5}.Debug|Any CPU.ActiveCfg = Debug|Any CPU
		{1A548AC3-DFD5-419F-8D0F-951395A44EC5}.Debug|Any CPU.Build.0 = Debug|Any CPU
		{1A548AC3-DFD5-419F-8D0F-951395A44EC5}.Release|Any CPU.ActiveCfg = Release|Any CPU
		{1A548AC3-DFD5-419F-8D0F-951395A44EC5}.Release|Any CPU.Build.0 = Release|Any CPU
	EndGlobalSection
	GlobalSection(SolutionProperties) = preSolution
		HideSolutionNode = FALSE
	EndGlobalSection
	GlobalSection(ExtensibilityGlobals) = postSolution
		SolutionGuid = {0D9D0B8B-1E58-4772-853A-F4F7A3C08CA4}
	EndGlobalSection
EndGlobal
